
Microsoft Visual Studio Solution File, Format Version 12.00
# Visual Studio Version 17
VisualStudioVersion = 17.14.36518.9 d17.14
MinimumVisualStudioVersion = 10.0.40219.1
Project("{FAE04EC0-301F-11D3-BF4B-00C04F79EFBC}") = "Laboratorio111", "Laboratorio111.csproj", "{C0D12E9B-BD7E-449F-890B-B867D967B0A0}"
EndProject
Global
	GlobalSection(SolutionConfigurationPlatforms) = preSolution
		Debug|Any CPU = Debug|Any CPU
		Release|Any CPU = Release|Any CPU
	EndGlobalSection
	GlobalSection(ProjectConfigurationPlatforms) = postSolution
		{C0D12E9B-BD7E-449F-890B-B867D967B0A0}.Debug|Any CPU.ActiveCfg = Debug|Any CPU
		{C0D12E9B-BD7E-449F-890B-B867D967B0A0}.Debug|Any CPU.Build.0 = Debug|Any CPU
		{C0D12E9B-BD7E-449F-890B-B867D967B0A0}.Release|Any CPU.ActiveCfg = Release|Any CPU
		{C0D12E9B-BD7E-449F-890B-B867D967B0A0}.Release|Any CPU.Build.0 = Release|Any CPU
	EndGlobalSection
	GlobalSection(SolutionProperties) = preSolution
		HideSolutionNode = FALSE
	EndGlobalSection
	GlobalSection(ExtensibilityGlobals) = postSolution
		SolutionGuid = {76820E2F-0C73-49AF-8D2D-2AF0B030D283}
	EndGlobalSection
EndGlobal
