
Microsoft Visual Studio Solution File, Format Version 12.00
# Visual Studio Version 17
VisualStudioVersion = 17.14.36518.9 d17.14
MinimumVisualStudioVersion = 10.0.40219.1
Project("{FAE04EC0-301F-11D3-BF4B-00C04F79EFBC}") = "Laboratorio181", "Laboratorio181\Laboratorio181.csproj", "{DAA638C9-9957-47C7-B8D0-716D06AF61A3}"
EndProject
Global
	GlobalSection(SolutionConfigurationPlatforms) = preSolution
		Debug|Any CPU = Debug|Any CPU
		Release|Any CPU = Release|Any CPU
	EndGlobalSection
	GlobalSection(ProjectConfigurationPlatforms) = postSolution
		{DAA638C9-9957-47C7-B8D0-716D06AF61A3}.Debug|Any CPU.ActiveCfg = Debug|Any CPU
		{DAA638C9-9957-47C7-B8D0-716D06AF61A3}.Debug|Any CPU.Build.0 = Debug|Any CPU
		{DAA638C9-9957-47C7-B8D0-716D06AF61A3}.Release|Any CPU.ActiveCfg = Release|Any CPU
		{DAA638C9-9957-47C7-B8D0-716D06AF61A3}.Release|Any CPU.Build.0 = Release|Any CPU
	EndGlobalSection
	GlobalSection(SolutionProperties) = preSolution
		HideSolutionNode = FALSE
	EndGlobalSection
	GlobalSection(ExtensibilityGlobals) = postSolution
		SolutionGuid = {4333FB3F-ED20-42FE-B063-E8C4631B1FE2}
	EndGlobalSection
EndGlobal
