
Microsoft Visual Studio Solution File, Format Version 12.00
# Visual Studio Version 17
VisualStudioVersion = 17.14.36705.20 d17.14
MinimumVisualStudioVersion = 10.0.40219.1
Project("{FAE04EC0-301F-11D3-BF4B-00C04F79EFBC}") = "Parcial31", "Parcial31\Parcial31.csproj", "{0D692BE3-BD76-4A15-8ADF-66E9F9A1151D}"
EndProject
Global
	GlobalSection(SolutionConfigurationPlatforms) = preSolution
		Debug|Any CPU = Debug|Any CPU
		Release|Any CPU = Release|Any CPU
	EndGlobalSection
	GlobalSection(ProjectConfigurationPlatforms) = postSolution
		{0D692BE3-BD76-4A15-8ADF-66E9F9A1151D}.Debug|Any CPU.ActiveCfg = Debug|Any CPU
		{0D692BE3-BD76-4A15-8ADF-66E9F9A1151D}.Debug|Any CPU.Build.0 = Debug|Any CPU
		{0D692BE3-BD76-4A15-8ADF-66E9F9A1151D}.Release|Any CPU.ActiveCfg = Release|Any CPU
		{0D692BE3-BD76-4A15-8ADF-66E9F9A1151D}.Release|Any CPU.Build.0 = Release|Any CPU
	EndGlobalSection
	GlobalSection(SolutionProperties) = preSolution
		HideSolutionNode = FALSE
	EndGlobalSection
	GlobalSection(ExtensibilityGlobals) = postSolution
		SolutionGuid = {993618FC-1238-4262-B525-0068633C3CF8}
	EndGlobalSection
EndGlobal
